
Microsoft Visual Studio Solution File, Format Version 12.00
# Visual Studio Version 16
VisualStudioVersion = 16.0.808.4
MinimumVisualStudioVersion = 10.0.40219.1
Project("{FAE04EC0-301F-11D3-BF4B-00C04F79EFBC}") = "danielg-projectOne", "danielg-projectOne.csproj", "{0B3CA6AB-6545-4967-BE1F-BBD1C2CC93CE}"
EndProject
Global
	GlobalSection(SolutionConfigurationPlatforms) = preSolution
		Debug|Any CPU = Debug|Any CPU
		Release|Any CPU = Release|Any CPU
	EndGlobalSection
	GlobalSection(ProjectConfigurationPlatforms) = postSolution
		{0B3CA6AB-6545-4967-BE1F-BBD1C2CC93CE}.Debug|Any CPU.ActiveCfg = Debug|Any CPU
		{0B3CA6AB-6545-4967-BE1F-BBD1C2CC93CE}.Debug|Any CPU.Build.0 = Debug|Any CPU
		{0B3CA6AB-6545-4967-BE1F-BBD1C2CC93CE}.Release|Any CPU.ActiveCfg = Release|Any CPU
		{0B3CA6AB-6545-4967-BE1F-BBD1C2CC93CE}.Release|Any CPU.Build.0 = Release|Any CPU
	EndGlobalSection
	GlobalSection(SolutionProperties) = preSolution
		HideSolutionNode = FALSE
	EndGlobalSection
	GlobalSection(ExtensibilityGlobals) = postSolution
		SolutionGuid = {A92514A7-0954-4154-B746-9B836E04FD56}
	EndGlobalSection
EndGlobal
